{
  "name": "clarp-agent-toolchain",
  "version": "1.0.0",
  "lockfileVersion": 3,
  "requires": true,
  "packages": {
    "": {
      "name": "clarp-agent-toolchain",
      "version": "1.0.0",
      "license": "UNLICENSED",
      "dependencies": {
        "@anthropic-ai/claude-code": "2.1.283",
        "@openai/codex": "0.154.0"
      },
      "engines": {
        "node": ">=22 <23"
      }
    },
    "node_modules/@anthropic-ai/claude-code": {
      "version": "2.1.283",
      "resolved": "https://registry.npmjs.org/@anthropic-ai/claude-code/-/claude-code-2.1.283.tgz",
      "integrity": "sha512-/8Y1pe7M15qMOU7RwUEjpFcM8XGVXNzWrWRXXp/0HlGm1k8FcOCxYMA9VR237JUUzzx5DkcQaGvELAo4si7TwA==",
      "hasInstallScript": true,
      "license": "SEE LICENSE IN README.md",
      "bin": {
        "claude": "bin/claude.exe"
      },
      "engines": {
        "node": ">=22.0.0"
      },
      "optionalDependencies": {
        "@anthropic-ai/claude-code-darwin-arm64": "2.1.283",
        "@anthropic-ai/claude-code-darwin-x64": "2.1.283",
        "@anthropic-ai/claude-code-linux-arm64": "2.1.283",
        "@anthropic-ai/claude-code-linux-arm64-musl": "2.1.283",
        "@anthropic-ai/claude-code-linux-x64": "2.1.283",
        "@anthropic-ai/claude-code-linux-x64-musl": "2.1.283",
        "@anthropic-ai/claude-code-win32-arm64": "2.1.283",
        "@anthropic-ai/claude-code-win32-x64": "2.1.283"
      }
    },
    "node_modules/@anthropic-ai/claude-code-darwin-arm64": {
      "version": "2.1.283",
      "resolved": "https://registry.npmjs.org/@anthropic-ai/claude-code-darwin-arm64/-/claude-code-darwin-arm64-2.1.283.tgz",
      "integrity": "sha512-GczpJ+FvnOYvxn6XPGHbdqJEZMves6Vc0WKS/g1N2eG39EKKAHxG77e+w4Rjtmf8xgCxNY36Jf/IOfbcyus4zA==",
      "cpu": [
        "arm64"
      ],
      "license": "SEE LICENSE IN LICENSE.md",
      "optional": true,
      "os": [
        "darwin"
      ]
    },
    "node_modules/@anthropic-ai/claude-code-darwin-x64": {
      "version": "2.1.283",
      "resolved": "https://registry.npmjs.org/@anthropic-ai/claude-code-darwin-x64/-/claude-code-darwin-x64-2.1.283.tgz",
      "integrity": "sha512-yL10X6RsEbc7O5cO9H9dDkQef8owqxShDsE32Z4L712vlVIM2qaYuhvgmn/n2Ra0Y2VmwkoMy6+36+/5vnYlqg==",
      "cpu": [
        "x64"
      ],
      "license": "SEE LICENSE IN LICENSE.md",
      "optional": true,
      "os": [
        "darwin"
      ]
    },
    "node_modules/@anthropic-ai/claude-code-linux-arm64": {
      "version": "2.1.283",
      "resolved": "https://registry.npmjs.org/@anthropic-ai/claude-code-linux-arm64/-/claude-code-linux-arm64-2.1.283.tgz",
      "integrity": "sha512-1hGh4eQHoxNJSfA/0/id5lXFdO5yRScwtUlBNMu1fPxUSwiFosLQjPDv/KdgfVZ3xjVtqJWPbjtKQ1TsxfpcDg==",
      "cpu": [
        "arm64"
      ],
      "license": "SEE LICENSE IN LICENSE.md",
      "optional": true,
      "os": [
        "linux"
      ]
    },
    "node_modules/@anthropic-ai/claude-code-linux-arm64-musl": {
      "version": "2.1.283",
      "resolved": "https://registry.npmjs.org/@anthropic-ai/claude-code-linux-arm64-musl/-/claude-code-linux-arm64-musl-2.1.283.tgz",
      "integrity": "sha512-JcZDkbhkSdyuwSmZUlzEXOQiIn4U8vGwbxkU/MoFymU93RfmpmOUnj3TZALyNll0t86b0IpiYCXWFfaKu7ZUUw==",
      "cpu": [
        "arm64"
      ],
      "license": "SEE LICENSE IN LICENSE.md",
      "optional": true,
      "os": [
        "linux"
      ]
    },
    "node_modules/@anthropic-ai/claude-code-linux-x64": {
      "version": "2.1.283",
      "resolved": "https://registry.npmjs.org/@anthropic-ai/claude-code-linux-x64/-/claude-code-linux-x64-2.1.283.tgz",
      "integrity": "sha512-q9+Ke42t/I6oLb/bTmh6sI24jMw4KNwz3QbQLp9dVQ8ipQChfAW5L11SX8jcDzVCW/P2tId7ftI+lgBURvz9uQ==",
      "cpu": [
        "x64"
      ],
      "license": "SEE LICENSE IN LICENSE.md",
      "optional": true,
      "os": [
        "linux"
      ]
    },
    "node_modules/@anthropic-ai/claude-code-linux-x64-musl": {
      "version": "2.1.283",
      "resolved": "https://registry.npmjs.org/@anthropic-ai/claude-code-linux-x64-musl/-/claude-code-linux-x64-musl-2.1.283.tgz",
      "integrity": "sha512-OrIYVYkqfszCu5w0aeVSCRBjJdvXkAOmqmtYjIWWy0ZcUGP14VkD3wtEPi/iELdYsGQutAkY5Y/5bMewftURug==",
      "cpu": [
        "x64"
      ],
      "license": "SEE LICENSE IN LICENSE.md",
      "optional": true,
      "os": [
        "linux"
      ]
    },
    "node_modules/@anthropic-ai/claude-code-win32-arm64": {
      "version": "2.1.283",
      "resolved": "https://registry.npmjs.org/@anthropic-ai/claude-code-win32-arm64/-/claude-code-win32-arm64-2.1.283.tgz",
      "integrity": "sha512-y/zroDb121XZ9m0tQ+y6JTWX/wjAKChcCziFmQhrHQ7FteOSkD0lJSgmwT292ghDWeM69ZwV0ongd21IitNpyA==",
      "cpu": [
        "arm64"
      ],
      "license": "SEE LICENSE IN LICENSE.md",
      "optional": true,
      "os": [
        "win32"
      ]
    },
    "node_modules/@anthropic-ai/claude-code-win32-x64": {
      "version": "2.1.283",
      "resolved": "https://registry.npmjs.org/@anthropic-ai/claude-code-win32-x64/-/claude-code-win32-x64-2.1.283.tgz",
      "integrity": "sha512-XzfHFpTbCWd0paru/fv0heHH8cfcxM9DkyOcB+B3taoUBpnhygnw5DzSq3/00kvt+BuNbibpIctiSWu2NHaEEQ==",
      "cpu": [
        "x64"
      ],
      "license": "SEE LICENSE IN LICENSE.md",
      "optional": true,
      "os": [
        "win32"
      ]
    },
    "node_modules/@openai/codex": {
      "version": "0.154.0",
      "resolved": "https://registry.npmjs.org/@openai/codex/-/codex-0.154.0.tgz",
      "integrity": "sha512-FV/x1OHXYv/ifjf3mXj9ThTTAWcUZN6cGIRQRhRxkKNOPuImu1WW0c8ev1vUkE9XGH90dEnYG1tBjIkxRikg0w==",
      "license": "Apache-2.0",
      "bin": {
        "codex": "bin/codex.js"
      },
      "engines": {
        "node": ">=16"
      },
      "optionalDependencies": {
        "@openai/codex-darwin-arm64": "npm:@openai/codex@0.154.0-darwin-arm64",
        "@openai/codex-darwin-x64": "npm:@openai/codex@0.154.0-darwin-x64",
        "@openai/codex-linux-arm64": "npm:@openai/codex@0.154.0-linux-arm64",
        "@openai/codex-linux-x64": "npm:@openai/codex@0.154.0-linux-x64",
        "@openai/codex-win32-arm64": "npm:@openai/codex@0.154.0-win32-arm64",
        "@openai/codex-win32-x64": "npm:@openai/codex@0.154.0-win32-x64"
      }
    },
    "node_modules/@openai/codex-darwin-arm64": {
      "name": "@openai/codex",
      "version": "0.154.0-darwin-arm64",
      "resolved": "https://registry.npmjs.org/@openai/codex/-/codex-0.154.0-darwin-arm64.tgz",
      "integrity": "sha512-HP/vJCH/t2hB9Kg6hotN9UglClJ6/z584fal5lEP14C9gNAgAQS4/kTQC7l5V+BA3TqwDPwINSjul28cX8AYXg==",
      "cpu": [
        "arm64"
      ],
      "license": "Apache-2.0",
      "optional": true,
      "os": [
        "darwin"
      ],
      "engines": {
        "node": ">=16"
      }
    },
    "node_modules/@openai/codex-darwin-x64": {
      "name": "@openai/codex",
      "version": "0.154.0-darwin-x64",
      "resolved": "https://registry.npmjs.org/@openai/codex/-/codex-0.154.0-darwin-x64.tgz",
      "integrity": "sha512-2aqz+72Hop8PF2RYglQ4JnGjm3OlRIrTykJIT0hyLeUgM6NCFy09RgTmqRCoWliKQZjEn9jjZqUEp7QujAj77g==",
      "cpu": [
        "x64"
      ],
      "license": "Apache-2.0",
      "optional": true,
      "os": [
        "darwin"
      ],
      "engines": {
        "node": ">=16"
      }
    },
    "node_modules/@openai/codex-linux-arm64": {
      "name": "@openai/codex",
      "version": "0.154.0-linux-arm64",
      "resolved": "https://registry.npmjs.org/@openai/codex/-/codex-0.154.0-linux-arm64.tgz",
      "integrity": "sha512-KmTCB6ST484zeYlPpKP/K5P/gRaYmt6TihVD+zotoe6O9q0JSBP+FYvCz4A/zZXR7xDOHURTSjHp0sD8wWS0YQ==",
      "cpu": [
        "arm64"
      ],
      "license": "Apache-2.0",
      "optional": true,
      "os": [
        "linux"
      ],
      "engines": {
        "node": ">=16"
      }
    },
    "node_modules/@openai/codex-linux-x64": {
      "name": "@openai/codex",
      "version": "0.154.0-linux-x64",
      "resolved": "https://registry.npmjs.org/@openai/codex/-/codex-0.154.0-linux-x64.tgz",
      "integrity": "sha512-a4FI3A8sGtwGrOqltrPbrS2hajrHQG591EwmRfiRoLMb10VxdBtUGW4gu6IJVYENiYGA7k3P4jlRHEoCZU/s9Q==",
      "cpu": [
        "x64"
      ],
      "license": "Apache-2.0",
      "optional": true,
      "os": [
        "linux"
      ],
      "engines": {
        "node": ">=16"
      }
    },
    "node_modules/@openai/codex-win32-arm64": {
      "name": "@openai/codex",
      "version": "0.154.0-win32-arm64",
      "resolved": "https://registry.npmjs.org/@openai/codex/-/codex-0.154.0-win32-arm64.tgz",
      "integrity": "sha512-CRUmZnE0Y/a8aLMrrA681EytOGaPaF659wJAiI4I3hsbQjaeYBSPV7PkCjy4Qn5LR/fmwIUORVH+6JaBNQL+tw==",
      "cpu": [
        "arm64"
      ],
      "license": "Apache-2.0",
      "optional": true,
      "os": [
        "win32"
      ],
      "engines": {
        "node": ">=16"
      }
    },
    "node_modules/@openai/codex-win32-x64": {
      "name": "@openai/codex",
      "version": "0.154.0-win32-x64",
      "resolved": "https://registry.npmjs.org/@openai/codex/-/codex-0.154.0-win32-x64.tgz",
      "integrity": "sha512-Stg2KEJPIKVqPPR1wCverGOR4ey3RR3cvakR07w7FNKQUMzmHaOZomRsP2bR1qOT/67yHsks9rB+MCMfIWXcRA==",
      "cpu": [
        "x64"
      ],
      "license": "Apache-2.0",
      "optional": true,
      "os": [
        "win32"
      ],
      "engines": {
        "node": ">=16"
      }
    }
  }
}
